
Microsoft Visual Studio Solution File, Format Version 12.00
# Visual Studio Version 16
VisualStudioVersion = 16.0.29025.244
MinimumVisualStudioVersion = 10.0.40219.1
Project("{FAE04EC0-301F-11D3-BF4B-00C04F79EFBC}") = "newmoyaproject", "newmoyaproject\newmoyaproject.csproj", "{F109C226-1416-41B9-A073-26E1BB2CC561}"
EndProject
Global
	GlobalSection(SolutionConfigurationPlatforms) = preSolution
		Debug|Any CPU = Debug|Any CPU
		Release|Any CPU = Release|Any CPU
	EndGlobalSection
	GlobalSection(ProjectConfigurationPlatforms) = postSolution
		{F109C226-1416-41B9-A073-26E1BB2CC561}.Debug|Any CPU.ActiveCfg = Debug|Any CPU
		{F109C226-1416-41B9-A073-26E1BB2CC561}.Debug|Any CPU.Build.0 = Debug|Any CPU
		{F109C226-1416-41B9-A073-26E1BB2CC561}.Release|Any CPU.ActiveCfg = Release|Any CPU
		{F109C226-1416-41B9-A073-26E1BB2CC561}.Release|Any CPU.Build.0 = Release|Any CPU
	EndGlobalSection
	GlobalSection(SolutionProperties) = preSolution
		HideSolutionNode = FALSE
	EndGlobalSection
	GlobalSection(ExtensibilityGlobals) = postSolution
		SolutionGuid = {8DC735BB-BE47-4062-A7B3-6C4666AEDE91}
	EndGlobalSection
EndGlobal
